// !$*UTF8*$!
{
	archiveVersion = 1;
	classes = {
	};
	objectVersion = 46;
	objects = {

/* Begin PBXBuildFile section */
		5028AAE01E8F1EDE00100DFB /* ZLTexture.mm in Sources */ = {isa = PBXBuildFile; fileRef = 5028AADF1E8F1EDE00100DFB /* ZLTexture.mm */; };
		5028AAE31E8F1F7500100DFB /* main.mm in Sources */ = {isa = PBXBuildFile; fileRef = 5028AAE21E8F1F7500100DFB /* main.mm */; };
		5028AAE51E8F225600100DFB /* AppKit.framework in Frameworks */ = {isa = PBXBuildFile; fileRef = 5028AAE41E8F225600100DFB /* AppKit.framework */; };
		5071BDC81E9A755900F30210 /* SDL2.framework in Frameworks */ = {isa = PBXBuildFile; fileRef = 5071BDC71E9A755900F30210 /* SDL2.framework */; };
		5071BDCA1E9A756400F30210 /* SDL2_image.framework in Frameworks */ = {isa = PBXBuildFile; fileRef = 5071BDC91E9A756400F30210 /* SDL2_image.framework */; };
		5071BDCD1E9A778200F30210 /* ZLTextureParse.cpp in Sources */ = {isa = PBXBuildFile; fileRef = 5071BDCB1E9A778200F30210 /* ZLTextureParse.cpp */; };
		5071BDDF1E9B008100F30210 /* ZLSkybox.cpp in Sources */ = {isa = PBXBuildFile; fileRef = 5071BDDD1E9B008100F30210 /* ZLSkybox.cpp */; };
		5071BDE21E9C364B00F30210 /* image_DXT.c in Sources */ = {isa = PBXBuildFile; fileRef = 5071BDCF1E9AFA6E00F30210 /* image_DXT.c */; };
		5071BDE31E9C364B00F30210 /* image_helper.c in Sources */ = {isa = PBXBuildFile; fileRef = 5071BDD11E9AFA6E00F30210 /* image_helper.c */; };
		5071BDE61E9C364B00F30210 /* SOIL.c in Sources */ = {isa = PBXBuildFile; fileRef = 5071BDD61E9AFA6E00F30210 /* SOIL.c */; };
		5071BDE71E9C364B00F30210 /* stb_image_aug.c in Sources */ = {isa = PBXBuildFile; fileRef = 5071BDD81E9AFA6E00F30210 /* stb_image_aug.c */; };
		5071BDEA1E9D2E6B00F30210 /* ZLDisplaylist.cpp in Sources */ = {isa = PBXBuildFile; fileRef = 5071BDE81E9D2E6B00F30210 /* ZLDisplaylist.cpp */; };
		5071BDED1E9EEC2000F30210 /* ZLSprite.cpp in Sources */ = {isa = PBXBuildFile; fileRef = 5071BDEB1E9EEC2000F30210 /* ZLSprite.cpp */; };
		5071BDF11EA0402D00F30210 /* ZLGround.cpp in Sources */ = {isa = PBXBuildFile; fileRef = 5071BDEF1EA0402D00F30210 /* ZLGround.cpp */; };
		5071BDF41EA2ECA800F30210 /* ZLButton.cpp in Sources */ = {isa = PBXBuildFile; fileRef = 5071BDF21EA2ECA800F30210 /* ZLButton.cpp */; };
		5071BDF91EA2FE9200F30210 /* ZLFoundation.cpp in Sources */ = {isa = PBXBuildFile; fileRef = 5071BDF71EA2FE9200F30210 /* ZLFoundation.cpp */; };
		5071BDFC1EA584F900F30210 /* ZLParticle.cpp in Sources */ = {isa = PBXBuildFile; fileRef = 5071BDFA1EA584F900F30210 /* ZLParticle.cpp */; };
		5071BE021EA585C400F30210 /* ZLUtility.cpp in Sources */ = {isa = PBXBuildFile; fileRef = 5071BE001EA585C400F30210 /* ZLUtility.cpp */; };
		5071BE051EA6D75800F30210 /* ZLFBX.cpp in Sources */ = {isa = PBXBuildFile; fileRef = 5071BE031EA6D75800F30210 /* ZLFBX.cpp */; };
		5071BF111EA7B77500F30210 /* libfbxsdk-static.a in Frameworks */ = {isa = PBXBuildFile; fileRef = 5071BF101EA7B77500F30210 /* libfbxsdk-static.a */; };
		507D660A1E8AAC37007E82C4 /* GLUT.framework in Frameworks */ = {isa = PBXBuildFile; fileRef = 507D66091E8AAC37007E82C4 /* GLUT.framework */; };
		507D660C1E8AAE88007E82C4 /* OpenGL.framework in Frameworks */ = {isa = PBXBuildFile; fileRef = 507D660B1E8AAE88007E82C4 /* OpenGL.framework */; };
		50A0D6DF1E93499900FFE40F /* ZLParse.cpp in Sources */ = {isa = PBXBuildFile; fileRef = 50A0D6DD1E93499900FFE40F /* ZLParse.cpp */; };
		50A0D6E21E95ADBF00FFE40F /* ZLVector3f.cpp in Sources */ = {isa = PBXBuildFile; fileRef = 50A0D6E01E95ADBF00FFE40F /* ZLVector3f.cpp */; };
		50A0D6E51E95AE5500FFE40F /* ZLCamera.cpp in Sources */ = {isa = PBXBuildFile; fileRef = 50A0D6E31E95AE5500FFE40F /* ZLCamera.cpp */; };
/* End PBXBuildFile section */

/* Begin PBXCopyFilesBuildPhase section */
		507D65FA1E8AABD7007E82C4 /* CopyFiles */ = {
			isa = PBXCopyFilesBuildPhase;
			buildActionMask = 2147483647;
			dstPath = usr/share/man/man1;
			dstSubfolderSpec = 10;
			files = (
			);
			runOnlyForDeploymentPostprocessing = 1;
		};
/* End PBXCopyFilesBuildPhase section */

/* Begin PBXFileReference section */
		5028AADE1E8F1EDE00100DFB /* ZLTexture.h */ = {isa = PBXFileReference; fileEncoding = 4; lastKnownFileType = sourcecode.c.h; path = ZLTexture.h; sourceTree = "<group>"; };
		5028AADF1E8F1EDE00100DFB /* ZLTexture.mm */ = {isa = PBXFileReference; fileEncoding = 4; lastKnownFileType = sourcecode.cpp.objcpp; path = ZLTexture.mm; sourceTree = "<group>"; };
		5028AAE21E8F1F7500100DFB /* main.mm */ = {isa = PBXFileReference; fileEncoding = 4; lastKnownFileType = sourcecode.cpp.objcpp; path = main.mm; sourceTree = "<group>"; };
		5028AAE41E8F225600100DFB /* AppKit.framework */ = {isa = PBXFileReference; lastKnownFileType = wrapper.framework; name = AppKit.framework; path = System/Library/Frameworks/AppKit.framework; sourceTree = SDKROOT; };
		5071BDC71E9A755900F30210 /* SDL2.framework */ = {isa = PBXFileReference; lastKnownFileType = wrapper.framework; name = SDL2.framework; path = ../../../../../Library/Frameworks/SDL2.framework; sourceTree = "<group>"; };
		5071BDC91E9A756400F30210 /* SDL2_image.framework */ = {isa = PBXFileReference; lastKnownFileType = wrapper.framework; name = SDL2_image.framework; path = ../../../../../Library/Frameworks/SDL2_image.framework; sourceTree = "<group>"; };
		5071BDCB1E9A778200F30210 /* ZLTextureParse.cpp */ = {isa = PBXFileReference; fileEncoding = 4; lastKnownFileType = sourcecode.cpp.cpp; path = ZLTextureParse.cpp; sourceTree = "<group>"; };
		5071BDCC1E9A778200F30210 /* ZLTextureParse.hpp */ = {isa = PBXFileReference; fileEncoding = 4; lastKnownFileType = sourcecode.cpp.h; path = ZLTextureParse.hpp; sourceTree = "<group>"; };
		5071BDCF1E9AFA6E00F30210 /* image_DXT.c */ = {isa = PBXFileReference; lastKnownFileType = sourcecode.c.c; path = image_DXT.c; sourceTree = "<group>"; };
		5071BDD01E9AFA6E00F30210 /* image_DXT.h */ = {isa = PBXFileReference; lastKnownFileType = sourcecode.c.h; path = image_DXT.h; sourceTree = "<group>"; };
		5071BDD11E9AFA6E00F30210 /* image_helper.c */ = {isa = PBXFileReference; lastKnownFileType = sourcecode.c.c; path = image_helper.c; sourceTree = "<group>"; };
		5071BDD21E9AFA6E00F30210 /* image_helper.h */ = {isa = PBXFileReference; lastKnownFileType = sourcecode.c.h; path = image_helper.h; sourceTree = "<group>"; };
		5071BDD61E9AFA6E00F30210 /* SOIL.c */ = {isa = PBXFileReference; lastKnownFileType = sourcecode.c.c; path = SOIL.c; sourceTree = "<group>"; };
		5071BDD71E9AFA6E00F30210 /* SOIL.h */ = {isa = PBXFileReference; lastKnownFileType = sourcecode.c.h; path = SOIL.h; sourceTree = "<group>"; };
		5071BDD81E9AFA6E00F30210 /* stb_image_aug.c */ = {isa = PBXFileReference; lastKnownFileType = sourcecode.c.c; path = stb_image_aug.c; sourceTree = "<group>"; };
		5071BDD91E9AFA6E00F30210 /* stb_image_aug.h */ = {isa = PBXFileReference; lastKnownFileType = sourcecode.c.h; path = stb_image_aug.h; sourceTree = "<group>"; };
		5071BDDA1E9AFA6E00F30210 /* stbi_DDS_aug.h */ = {isa = PBXFileReference; lastKnownFileType = sourcecode.c.h; path = stbi_DDS_aug.h; sourceTree = "<group>"; };
		5071BDDB1E9AFA6E00F30210 /* stbi_DDS_aug_c.h */ = {isa = PBXFileReference; lastKnownFileType = sourcecode.c.h; path = stbi_DDS_aug_c.h; sourceTree = "<group>"; };
		5071BDDC1E9AFA6E00F30210 /* test_SOIL.cpp */ = {isa = PBXFileReference; lastKnownFileType = sourcecode.cpp.cpp; path = test_SOIL.cpp; sourceTree = "<group>"; };
		5071BDDD1E9B008100F30210 /* ZLSkybox.cpp */ = {isa = PBXFileReference; fileEncoding = 4; lastKnownFileType = sourcecode.cpp.cpp; path = ZLSkybox.cpp; sourceTree = "<group>"; };
		5071BDDE1E9B008100F30210 /* ZLSkybox.hpp */ = {isa = PBXFileReference; fileEncoding = 4; lastKnownFileType = sourcecode.cpp.h; path = ZLSkybox.hpp; sourceTree = "<group>"; };
		5071BDE81E9D2E6B00F30210 /* ZLDisplaylist.cpp */ = {isa = PBXFileReference; fileEncoding = 4; lastKnownFileType = sourcecode.cpp.cpp; path = ZLDisplaylist.cpp; sourceTree = "<group>"; };
		5071BDE91E9D2E6B00F30210 /* ZLDisplaylist.hpp */ = {isa = PBXFileReference; fileEncoding = 4; lastKnownFileType = sourcecode.cpp.h; path = ZLDisplaylist.hpp; sourceTree = "<group>"; };
		5071BDEB1E9EEC2000F30210 /* ZLSprite.cpp */ = {isa = PBXFileReference; fileEncoding = 4; lastKnownFileType = sourcecode.cpp.cpp; path = ZLSprite.cpp; sourceTree = "<group>"; };
		5071BDEC1E9EEC2000F30210 /* ZLSprite.hpp */ = {isa = PBXFileReference; fileEncoding = 4; lastKnownFileType = sourcecode.cpp.h; path = ZLSprite.hpp; sourceTree = "<group>"; };
		5071BDEE1E9EEC4300F30210 /* ZLList.h */ = {isa = PBXFileReference; lastKnownFileType = sourcecode.c.h; path = ZLList.h; sourceTree = "<group>"; };
		5071BDEF1EA0402D00F30210 /* ZLGround.cpp */ = {isa = PBXFileReference; fileEncoding = 4; lastKnownFileType = sourcecode.cpp.cpp; path = ZLGround.cpp; sourceTree = "<group>"; };
		5071BDF01EA0402D00F30210 /* ZLGround.hpp */ = {isa = PBXFileReference; fileEncoding = 4; lastKnownFileType = sourcecode.cpp.h; path = ZLGround.hpp; sourceTree = "<group>"; };
		5071BDF21EA2ECA800F30210 /* ZLButton.cpp */ = {isa = PBXFileReference; fileEncoding = 4; lastKnownFileType = sourcecode.cpp.cpp; path = ZLButton.cpp; sourceTree = "<group>"; };
		5071BDF31EA2ECA800F30210 /* ZLButton.hpp */ = {isa = PBXFileReference; fileEncoding = 4; lastKnownFileType = sourcecode.cpp.h; path = ZLButton.hpp; sourceTree = "<group>"; };
		5071BDF71EA2FE9200F30210 /* ZLFoundation.cpp */ = {isa = PBXFileReference; fileEncoding = 4; lastKnownFileType = sourcecode.cpp.cpp; path = ZLFoundation.cpp; sourceTree = "<group>"; };
		5071BDF81EA2FE9200F30210 /* ZLFoundation.hpp */ = {isa = PBXFileReference; fileEncoding = 4; lastKnownFileType = sourcecode.cpp.h; path = ZLFoundation.hpp; sourceTree = "<group>"; };
		5071BDFA1EA584F900F30210 /* ZLParticle.cpp */ = {isa = PBXFileReference; fileEncoding = 4; lastKnownFileType = sourcecode.cpp.cpp; path = ZLParticle.cpp; sourceTree = "<group>"; };
		5071BDFB1EA584F900F30210 /* ZLParticle.hpp */ = {isa = PBXFileReference; fileEncoding = 4; lastKnownFileType = sourcecode.cpp.h; path = ZLParticle.hpp; sourceTree = "<group>"; };
		5071BE001EA585C400F30210 /* ZLUtility.cpp */ = {isa = PBXFileReference; fileEncoding = 4; lastKnownFileType = sourcecode.cpp.cpp; path = ZLUtility.cpp; sourceTree = "<group>"; };
		5071BE011EA585C400F30210 /* ZLUtility.hpp */ = {isa = PBXFileReference; fileEncoding = 4; lastKnownFileType = sourcecode.cpp.h; path = ZLUtility.hpp; sourceTree = "<group>"; };
		5071BE031EA6D75800F30210 /* ZLFBX.cpp */ = {isa = PBXFileReference; fileEncoding = 4; lastKnownFileType = sourcecode.cpp.cpp; path = ZLFBX.cpp; sourceTree = "<group>"; };
		5071BE041EA6D75800F30210 /* ZLFBX.hpp */ = {isa = PBXFileReference; fileEncoding = 4; lastKnownFileType = sourcecode.cpp.h; path = ZLFBX.hpp; sourceTree = "<group>"; };
		5071BF101EA7B77500F30210 /* libfbxsdk-static.a */ = {isa = PBXFileReference; lastKnownFileType = archive.ar; name = "libfbxsdk-static.a"; path = "../../../../Downloads/Simple OpenGL Image Library/src/libfbxsdk-static.a"; sourceTree = "<group>"; };
		507D65FC1E8AABD7007E82C4 /* openglTest */ = {isa = PBXFileReference; explicitFileType = "compiled.mach-o.executable"; includeInIndex = 0; path = openglTest; sourceTree = BUILT_PRODUCTS_DIR; };
		507D66091E8AAC37007E82C4 /* GLUT.framework */ = {isa = PBXFileReference; lastKnownFileType = wrapper.framework; name = GLUT.framework; path = System/Library/Frameworks/GLUT.framework; sourceTree = SDKROOT; };
		507D660B1E8AAE88007E82C4 /* OpenGL.framework */ = {isa = PBXFileReference; lastKnownFileType = wrapper.framework; name = OpenGL.framework; path = System/Library/Frameworks/OpenGL.framework; sourceTree = SDKROOT; };
		50A0D6D61E93477600FFE40F /* ZLStruct.h */ = {isa = PBXFileReference; lastKnownFileType = sourcecode.c.h; path = ZLStruct.h; sourceTree = "<group>"; };
		50A0D6DD1E93499900FFE40F /* ZLParse.cpp */ = {isa = PBXFileReference; fileEncoding = 4; lastKnownFileType = sourcecode.cpp.cpp; path = ZLParse.cpp; sourceTree = "<group>"; };
		50A0D6DE1E93499900FFE40F /* ZLParse.h */ = {isa = PBXFileReference; fileEncoding = 4; lastKnownFileType = sourcecode.c.h; path = ZLParse.h; sourceTree = "<group>"; };
		50A0D6E01E95ADBF00FFE40F /* ZLVector3f.cpp */ = {isa = PBXFileReference; fileEncoding = 4; lastKnownFileType = sourcecode.cpp.cpp; path = ZLVector3f.cpp; sourceTree = "<group>"; };
		50A0D6E11E95ADBF00FFE40F /* ZLVector3f.hpp */ = {isa = PBXFileReference; fileEncoding = 4; lastKnownFileType = sourcecode.cpp.h; path = ZLVector3f.hpp; sourceTree = "<group>"; };
		50A0D6E31E95AE5500FFE40F /* ZLCamera.cpp */ = {isa = PBXFileReference; fileEncoding = 4; lastKnownFileType = sourcecode.cpp.cpp; path = ZLCamera.cpp; sourceTree = "<group>"; };
		50A0D6E41E95AE5500FFE40F /* ZLCamera.hpp */ = {isa = PBXFileReference; fileEncoding = 4; lastKnownFileType = sourcecode.cpp.h; path = ZLCamera.hpp; sourceTree = "<group>"; };
/* End PBXFileReference section */

/* Begin PBXFrameworksBuildPhase section */
		507D65F91E8AABD7007E82C4 /* Frameworks */ = {
			isa = PBXFrameworksBuildPhase;
			buildActionMask = 2147483647;
			files = (
				5071BDCA1E9A756400F30210 /* SDL2_image.framework in Frameworks */,
				5071BDC81E9A755900F30210 /* SDL2.framework in Frameworks */,
				5028AAE51E8F225600100DFB /* AppKit.framework in Frameworks */,
				5071BF111EA7B77500F30210 /* libfbxsdk-static.a in Frameworks */,
				507D660C1E8AAE88007E82C4 /* OpenGL.framework in Frameworks */,
				507D660A1E8AAC37007E82C4 /* GLUT.framework in Frameworks */,
			);
			runOnlyForDeploymentPostprocessing = 0;
		};
/* End PBXFrameworksBuildPhase section */

/* Begin PBXGroup section */
		5071BDCE1E9AFA6E00F30210 /* src */ = {
			isa = PBXGroup;
			children = (
				5071BDCF1E9AFA6E00F30210 /* image_DXT.c */,
				5071BDD01E9AFA6E00F30210 /* image_DXT.h */,
				5071BDD11E9AFA6E00F30210 /* image_helper.c */,
				5071BDD21E9AFA6E00F30210 /* image_helper.h */,
				5071BDD61E9AFA6E00F30210 /* SOIL.c */,
				5071BDD71E9AFA6E00F30210 /* SOIL.h */,
				5071BDD81E9AFA6E00F30210 /* stb_image_aug.c */,
				5071BDD91E9AFA6E00F30210 /* stb_image_aug.h */,
				5071BDDA1E9AFA6E00F30210 /* stbi_DDS_aug.h */,
				5071BDDB1E9AFA6E00F30210 /* stbi_DDS_aug_c.h */,
				5071BDDC1E9AFA6E00F30210 /* test_SOIL.cpp */,
			);
			name = src;
			path = "../../../../Downloads/Simple OpenGL Image Library/src";
			sourceTree = "<group>";
		};
		507D65F31E8AABD7007E82C4 = {
			isa = PBXGroup;
			children = (
				5071BDC91E9A756400F30210 /* SDL2_image.framework */,
				5071BDC71E9A755900F30210 /* SDL2.framework */,
				5028AAE41E8F225600100DFB /* AppKit.framework */,
				507D660B1E8AAE88007E82C4 /* OpenGL.framework */,
				507D66091E8AAC37007E82C4 /* GLUT.framework */,
				507D65FE1E8AABD7007E82C4 /* openglTest */,
				507D65FD1E8AABD7007E82C4 /* Products */,
			);
			sourceTree = "<group>";
		};
		507D65FD1E8AABD7007E82C4 /* Products */ = {
			isa = PBXGroup;
			children = (
				507D65FC1E8AABD7007E82C4 /* openglTest */,
			);
			name = Products;
			sourceTree = "<group>";
		};
		507D65FE1E8AABD7007E82C4 /* openglTest */ = {
			isa = PBXGroup;
			children = (
				5071BF101EA7B77500F30210 /* libfbxsdk-static.a */,
				5071BDCE1E9AFA6E00F30210 /* src */,
				5071BDCB1E9A778200F30210 /* ZLTextureParse.cpp */,
				5071BDCC1E9A778200F30210 /* ZLTextureParse.hpp */,
				50A0D6DD1E93499900FFE40F /* ZLParse.cpp */,
				50A0D6DE1E93499900FFE40F /* ZLParse.h */,
				5028AADE1E8F1EDE00100DFB /* ZLTexture.h */,
				5028AADF1E8F1EDE00100DFB /* ZLTexture.mm */,
				5071BDF71EA2FE9200F30210 /* ZLFoundation.cpp */,
				5071BDF81EA2FE9200F30210 /* ZLFoundation.hpp */,
				5028AAE21E8F1F7500100DFB /* main.mm */,
				50A0D6D61E93477600FFE40F /* ZLStruct.h */,
				50A0D6E01E95ADBF00FFE40F /* ZLVector3f.cpp */,
				50A0D6E11E95ADBF00FFE40F /* ZLVector3f.hpp */,
				50A0D6E31E95AE5500FFE40F /* ZLCamera.cpp */,
				50A0D6E41E95AE5500FFE40F /* ZLCamera.hpp */,
				5071BDDD1E9B008100F30210 /* ZLSkybox.cpp */,
				5071BDDE1E9B008100F30210 /* ZLSkybox.hpp */,
				5071BDE81E9D2E6B00F30210 /* ZLDisplaylist.cpp */,
				5071BDE91E9D2E6B00F30210 /* ZLDisplaylist.hpp */,
				5071BDEB1E9EEC2000F30210 /* ZLSprite.cpp */,
				5071BDEC1E9EEC2000F30210 /* ZLSprite.hpp */,
				5071BDEE1E9EEC4300F30210 /* ZLList.h */,
				5071BDEF1EA0402D00F30210 /* ZLGround.cpp */,
				5071BDF01EA0402D00F30210 /* ZLGround.hpp */,
				5071BDF21EA2ECA800F30210 /* ZLButton.cpp */,
				5071BDF31EA2ECA800F30210 /* ZLButton.hpp */,
				5071BDFA1EA584F900F30210 /* ZLParticle.cpp */,
				5071BDFB1EA584F900F30210 /* ZLParticle.hpp */,
				5071BE001EA585C400F30210 /* ZLUtility.cpp */,
				5071BE011EA585C400F30210 /* ZLUtility.hpp */,
				5071BE031EA6D75800F30210 /* ZLFBX.cpp */,
				5071BE041EA6D75800F30210 /* ZLFBX.hpp */,
			);
			path = openglTest;
			sourceTree = "<group>";
		};
/* End PBXGroup section */

/* Begin PBXNativeTarget section */
		507D65FB1E8AABD7007E82C4 /* openglTest */ = {
			isa = PBXNativeTarget;
			buildConfigurationList = 507D66031E8AABD7007E82C4 /* Build configuration list for PBXNativeTarget "openglTest" */;
			buildPhases = (
				507D65F81E8AABD7007E82C4 /* Sources */,
				507D65F91E8AABD7007E82C4 /* Frameworks */,
				507D65FA1E8AABD7007E82C4 /* CopyFiles */,
			);
			buildRules = (
			);
			dependencies = (
			);
			name = openglTest;
			productName = openglTest;
			productReference = 507D65FC1E8AABD7007E82C4 /* openglTest */;
			productType = "com.apple.product-type.tool";
		};
/* End PBXNativeTarget section */

/* Begin PBXProject section */
		507D65F41E8AABD7007E82C4 /* Project object */ = {
			isa = PBXProject;
			attributes = {
				LastUpgradeCheck = 0730;
				ORGANIZATIONNAME = liangzhimy;
				TargetAttributes = {
					507D65FB1E8AABD7007E82C4 = {
						CreatedOnToolsVersion = 7.3.1;
					};
				};
			};
			buildConfigurationList = 507D65F71E8AABD7007E82C4 /* Build configuration list for PBXProject "openglTest" */;
			compatibilityVersion = "Xcode 3.2";
			developmentRegion = English;
			hasScannedForEncodings = 0;
			knownRegions = (
				en,
			);
			mainGroup = 507D65F31E8AABD7007E82C4;
			productRefGroup = 507D65FD1E8AABD7007E82C4 /* Products */;
			projectDirPath = "";
			projectRoot = "";
			targets = (
				507D65FB1E8AABD7007E82C4 /* openglTest */,
			);
		};
/* End PBXProject section */

/* Begin PBXSourcesBuildPhase section */
		507D65F81E8AABD7007E82C4 /* Sources */ = {
			isa = PBXSourcesBuildPhase;
			buildActionMask = 2147483647;
			files = (
				5071BDE21E9C364B00F30210 /* image_DXT.c in Sources */,
				5071BDFC1EA584F900F30210 /* ZLParticle.cpp in Sources */,
				5071BDED1E9EEC2000F30210 /* ZLSprite.cpp in Sources */,
				5071BDE31E9C364B00F30210 /* image_helper.c in Sources */,
				5071BDEA1E9D2E6B00F30210 /* ZLDisplaylist.cpp in Sources */,
				5071BDF41EA2ECA800F30210 /* ZLButton.cpp in Sources */,
				5071BDE61E9C364B00F30210 /* SOIL.c in Sources */,
				5071BDE71E9C364B00F30210 /* stb_image_aug.c in Sources */,
				5071BE021EA585C400F30210 /* ZLUtility.cpp in Sources */,
				5071BDF11EA0402D00F30210 /* ZLGround.cpp in Sources */,
				5028AAE31E8F1F7500100DFB /* main.mm in Sources */,
				50A0D6E51E95AE5500FFE40F /* ZLCamera.cpp in Sources */,
				5071BE051EA6D75800F30210 /* ZLFBX.cpp in Sources */,
				50A0D6E21E95ADBF00FFE40F /* ZLVector3f.cpp in Sources */,
				5071BDCD1E9A778200F30210 /* ZLTextureParse.cpp in Sources */,
				50A0D6DF1E93499900FFE40F /* ZLParse.cpp in Sources */,
				5071BDDF1E9B008100F30210 /* ZLSkybox.cpp in Sources */,
				5071BDF91EA2FE9200F30210 /* ZLFoundation.cpp in Sources */,
				5028AAE01E8F1EDE00100DFB /* ZLTexture.mm in Sources */,
			);
			runOnlyForDeploymentPostprocessing = 0;
		};
/* End PBXSourcesBuildPhase section */

/* Begin XCBuildConfiguration section */
		507D66011E8AABD7007E82C4 /* Debug */ = {
			isa = XCBuildConfiguration;
			buildSettings = {
				ALWAYS_SEARCH_USER_PATHS = NO;
				CLANG_ANALYZER_NONNULL = YES;
				CLANG_CXX_LANGUAGE_STANDARD = "gnu++0x";
				CLANG_CXX_LIBRARY = "libc++";
				CLANG_ENABLE_MODULES = YES;
				CLANG_ENABLE_OBJC_ARC = YES;
				CLANG_WARN_BOOL_CONVERSION = YES;
				CLANG_WARN_CONSTANT_CONVERSION = YES;
				CLANG_WARN_DIRECT_OBJC_ISA_USAGE = YES_ERROR;
				CLANG_WARN_EMPTY_BODY = YES;
				CLANG_WARN_ENUM_CONVERSION = YES;
				CLANG_WARN_INT_CONVERSION = YES;
				CLANG_WARN_OBJC_ROOT_CLASS = YES_ERROR;
				CLANG_WARN_UNREACHABLE_CODE = YES;
				CLANG_WARN__DUPLICATE_METHOD_MATCH = YES;
				CODE_SIGN_IDENTITY = "-";
				COPY_PHASE_STRIP = NO;
				DEBUG_INFORMATION_FORMAT = dwarf;
				ENABLE_STRICT_OBJC_MSGSEND = YES;
				ENABLE_TESTABILITY = YES;
				GCC_C_LANGUAGE_STANDARD = gnu99;
				GCC_DYNAMIC_NO_PIC = NO;
				GCC_NO_COMMON_BLOCKS = YES;
				GCC_OPTIMIZATION_LEVEL = 0;
				GCC_PREPROCESSOR_DEFINITIONS = (
					"DEBUG=1",
					"$(inherited)",
				);
				GCC_WARN_64_TO_32_BIT_CONVERSION = YES;
				GCC_WARN_ABOUT_RETURN_TYPE = YES_ERROR;
				GCC_WARN_UNDECLARED_SELECTOR = YES;
				GCC_WARN_UNINITIALIZED_AUTOS = YES_AGGRESSIVE;
				GCC_WARN_UNUSED_FUNCTION = YES;
				GCC_WARN_UNUSED_VARIABLE = YES;
				MACOSX_DEPLOYMENT_TARGET = 10.8;
				MTL_ENABLE_DEBUG_INFO = YES;
				ONLY_ACTIVE_ARCH = YES;
				SDKROOT = macosx;
			};
			name = Debug;
		};
		507D66021E8AABD7007E82C4 /* Release */ = {
			isa = XCBuildConfiguration;
			buildSettings = {
				ALWAYS_SEARCH_USER_PATHS = NO;
				CLANG_ANALYZER_NONNULL = YES;
				CLANG_CXX_LANGUAGE_STANDARD = "gnu++0x";
				CLANG_CXX_LIBRARY = "libc++";
				CLANG_ENABLE_MODULES = YES;
				CLANG_ENABLE_OBJC_ARC = YES;
				CLANG_WARN_BOOL_CONVERSION = YES;
				CLANG_WARN_CONSTANT_CONVERSION = YES;
				CLANG_WARN_DIRECT_OBJC_ISA_USAGE = YES_ERROR;
				CLANG_WARN_EMPTY_BODY = YES;
				CLANG_WARN_ENUM_CONVERSION = YES;
				CLANG_WARN_INT_CONVERSION = YES;
				CLANG_WARN_OBJC_ROOT_CLASS = YES_ERROR;
				CLANG_WARN_UNREACHABLE_CODE = YES;
				CLANG_WARN__DUPLICATE_METHOD_MATCH = YES;
				CODE_SIGN_IDENTITY = "-";
				COPY_PHASE_STRIP = NO;
				DEBUG_INFORMATION_FORMAT = "dwarf-with-dsym";
				ENABLE_NS_ASSERTIONS = NO;
				ENABLE_STRICT_OBJC_MSGSEND = YES;
				GCC_C_LANGUAGE_STANDARD = gnu99;
				GCC_NO_COMMON_BLOCKS = YES;
				GCC_WARN_64_TO_32_BIT_CONVERSION = YES;
				GCC_WARN_ABOUT_RETURN_TYPE = YES_ERROR;
				GCC_WARN_UNDECLARED_SELECTOR = YES;
				GCC_WARN_UNINITIALIZED_AUTOS = YES_AGGRESSIVE;
				GCC_WARN_UNUSED_FUNCTION = YES;
				GCC_WARN_UNUSED_VARIABLE = YES;
				MACOSX_DEPLOYMENT_TARGET = 10.8;
				MTL_ENABLE_DEBUG_INFO = NO;
				SDKROOT = macosx;
			};
			name = Release;
		};
		507D66041E8AABD7007E82C4 /* Debug */ = {
			isa = XCBuildConfiguration;
			buildSettings = {
				FRAMEWORK_SEARCH_PATHS = (
					"$(inherited)",
					"$(LOCAL_LIBRARY_DIR)/Frameworks",
				);
				HEADER_SEARCH_PATHS = "/Applications/Autodesk/FBX\\ SDK/2016.1.1/include";
				LD_RUNPATH_SEARCH_PATHS = "";
				LIBRARY_SEARCH_PATHS = (
					"$(inherited)",
					"$(PROJECT_DIR)",
					/Applications/Autodesk/FBX,
					SDK/2016.1.1/lib/clang/release,
					"$(PROJECT_DIR)/openglTest",
				);
				MACOSX_DEPLOYMENT_TARGET = 10.8;
				PRODUCT_NAME = "$(TARGET_NAME)";
			};
			name = Debug;
		};
		507D66051E8AABD7007E82C4 /* Release */ = {
			isa = XCBuildConfiguration;
			buildSettings = {
				FRAMEWORK_SEARCH_PATHS = (
					"$(inherited)",
					"$(LOCAL_LIBRARY_DIR)/Frameworks",
				);
				HEADER_SEARCH_PATHS = "/Applications/Autodesk/FBX\\ SDK/2016.1.1/include";
				LD_RUNPATH_SEARCH_PATHS = "";
				LIBRARY_SEARCH_PATHS = (
					"$(inherited)",
					"$(PROJECT_DIR)",
					/Applications/Autodesk/FBX,
					SDK/2016.1.1/lib/clang/release,
					"$(PROJECT_DIR)/openglTest",
				);
				MACOSX_DEPLOYMENT_TARGET = 10.8;
				PRODUCT_NAME = "$(TARGET_NAME)";
			};
			name = Release;
		};
/* End XCBuildConfiguration section */

/* Begin XCConfigurationList section */
		507D65F71E8AABD7007E82C4 /* Build configuration list for PBXProject "openglTest" */ = {
			isa = XCConfigurationList;
			buildConfigurations = (
				507D66011E8AABD7007E82C4 /* Debug */,
				507D66021E8AABD7007E82C4 /* Release */,
			);
			defaultConfigurationIsVisible = 0;
			defaultConfigurationName = Release;
		};
		507D66031E8AABD7007E82C4 /* Build configuration list for PBXNativeTarget "openglTest" */ = {
			isa = XCConfigurationList;
			buildConfigurations = (
				507D66041E8AABD7007E82C4 /* Debug */,
				507D66051E8AABD7007E82C4 /* Release */,
			);
			defaultConfigurationIsVisible = 0;
			defaultConfigurationName = Release;
		};
/* End XCConfigurationList section */
	};
	rootObject = 507D65F41E8AABD7007E82C4 /* Project object */;
}
